// !$*UTF8*$!
{
	archiveVersion = 1;
	classes = {
	};
	objectVersion = 46;
	objects = {

/* Begin PBXBuildFile section */
		5676EA781AFE541200D15D6D /* Images.xcassets in Resources */ = {isa = PBXBuildFile; fileRef = 5676EA771AFE541200D15D6D /* Images.xcassets */; };
		5676EA7B1AFE541200D15D6D /* LaunchScreen.xib in Resources */ = {isa = PBXBuildFile; fileRef = 5676EA791AFE541200D15D6D /* LaunchScreen.xib */; };
		5676EA871AFE541200D15D6D /* LPTabbarViewControllerTests.m in Sources */ = {isa = PBXBuildFile; fileRef = 5676EA861AFE541200D15D6D /* LPTabbarViewControllerTests.m */; };
		5676EAB31AFE6EF700D15D6D /* LPItemOneTableViewController.m in Sources */ = {isa = PBXBuildFile; fileRef = 5676EAA31AFE6EF700D15D6D /* LPItemOneTableViewController.m */; };
		5676EAB41AFE6EF700D15D6D /* LPItemThreeViewController.m in Sources */ = {isa = PBXBuildFile; fileRef = 5676EAA51AFE6EF700D15D6D /* LPItemThreeViewController.m */; };
		5676EAB51AFE6EF700D15D6D /* LPItemThreeViewController.xib in Resources */ = {isa = PBXBuildFile; fileRef = 5676EAA61AFE6EF700D15D6D /* LPItemThreeViewController.xib */; };
		5676EAB61AFE6EF700D15D6D /* LPItemTwoViewController.m in Sources */ = {isa = PBXBuildFile; fileRef = 5676EAA81AFE6EF700D15D6D /* LPItemTwoViewController.m */; };
		5676EAB71AFE6EF700D15D6D /* LPItemTwoViewController.xib in Resources */ = {isa = PBXBuildFile; fileRef = 5676EAA91AFE6EF700D15D6D /* LPItemTwoViewController.xib */; };
		5676EAB81AFE6EF700D15D6D /* LPMainViewController.m in Sources */ = {isa = PBXBuildFile; fileRef = 5676EAAC1AFE6EF700D15D6D /* LPMainViewController.m */; };
		5676EAB91AFE6EF700D15D6D /* Main.storyboard in Resources */ = {isa = PBXBuildFile; fileRef = 5676EAAD1AFE6EF700D15D6D /* Main.storyboard */; };
		5676EABA1AFE6EF700D15D6D /* AppDelegate.m in Sources */ = {isa = PBXBuildFile; fileRef = 5676EAB01AFE6EF700D15D6D /* AppDelegate.m */; };
		5676EABC1AFE6EF700D15D6D /* main.m in Sources */ = {isa = PBXBuildFile; fileRef = 5676EAB21AFE6EF700D15D6D /* main.m */; };
		5676EABE1AFE6F2600D15D6D /* Info.plist in Resources */ = {isa = PBXBuildFile; fileRef = 5676EABD1AFE6F2600D15D6D /* Info.plist */; };
/* End PBXBuildFile section */

/* Begin PBXContainerItemProxy section */
		5676EA811AFE541200D15D6D /* PBXContainerItemProxy */ = {
			isa = PBXContainerItemProxy;
			containerPortal = 5676EA5F1AFE541200D15D6D /* Project object */;
			proxyType = 1;
			remoteGlobalIDString = 5676EA661AFE541200D15D6D;
			remoteInfo = LPTabbarViewController;
		};
/* End PBXContainerItemProxy section */

/* Begin PBXFileReference section */
		5676EA671AFE541200D15D6D /* LPTabbarViewController.app */ = {isa = PBXFileReference; explicitFileType = wrapper.application; includeInIndex = 0; path = LPTabbarViewController.app; sourceTree = BUILT_PRODUCTS_DIR; };
		5676EA771AFE541200D15D6D /* Images.xcassets */ = {isa = PBXFileReference; lastKnownFileType = folder.assetcatalog; path = Images.xcassets; sourceTree = "<group>"; };
		5676EA7A1AFE541200D15D6D /* Base */ = {isa = PBXFileReference; lastKnownFileType = file.xib; name = Base; path = Base.lproj/LaunchScreen.xib; sourceTree = "<group>"; };
		5676EA801AFE541200D15D6D /* LPTabbarViewControllerTests.xctest */ = {isa = PBXFileReference; explicitFileType = wrapper.cfbundle; includeInIndex = 0; path = LPTabbarViewControllerTests.xctest; sourceTree = BUILT_PRODUCTS_DIR; };
		5676EA851AFE541200D15D6D /* Info.plist */ = {isa = PBXFileReference; lastKnownFileType = text.plist.xml; path = Info.plist; sourceTree = "<group>"; };
		5676EA861AFE541200D15D6D /* LPTabbarViewControllerTests.m */ = {isa = PBXFileReference; lastKnownFileType = sourcecode.c.objc; path = LPTabbarViewControllerTests.m; sourceTree = "<group>"; };
		5676EAA21AFE6EF700D15D6D /* LPItemOneTableViewController.h */ = {isa = PBXFileReference; fileEncoding = 4; lastKnownFileType = sourcecode.c.h; path = LPItemOneTableViewController.h; sourceTree = "<group>"; };
		5676EAA31AFE6EF700D15D6D /* LPItemOneTableViewController.m */ = {isa = PBXFileReference; fileEncoding = 4; lastKnownFileType = sourcecode.c.objc; path = LPItemOneTableViewController.m; sourceTree = "<group>"; };
		5676EAA41AFE6EF700D15D6D /* LPItemThreeViewController.h */ = {isa = PBXFileReference; fileEncoding = 4; lastKnownFileType = sourcecode.c.h; path = LPItemThreeViewController.h; sourceTree = "<group>"; };
		5676EAA51AFE6EF700D15D6D /* LPItemThreeViewController.m */ = {isa = PBXFileReference; fileEncoding = 4; lastKnownFileType = sourcecode.c.objc; path = LPItemThreeViewController.m; sourceTree = "<group>"; };
		5676EAA61AFE6EF700D15D6D /* LPItemThreeViewController.xib */ = {isa = PBXFileReference; fileEncoding = 4; lastKnownFileType = file.xib; path = LPItemThreeViewController.xib; sourceTree = "<group>"; };
		5676EAA71AFE6EF700D15D6D /* LPItemTwoViewController.h */ = {isa = PBXFileReference; fileEncoding = 4; lastKnownFileType = sourcecode.c.h; path = LPItemTwoViewController.h; sourceTree = "<group>"; };
		5676EAA81AFE6EF700D15D6D /* LPItemTwoViewController.m */ = {isa = PBXFileReference; fileEncoding = 4; lastKnownFileType = sourcecode.c.objc; path = LPItemTwoViewController.m; sourceTree = "<group>"; };
		5676EAA91AFE6EF700D15D6D /* LPItemTwoViewController.xib */ = {isa = PBXFileReference; fileEncoding = 4; lastKnownFileType = file.xib; path = LPItemTwoViewController.xib; sourceTree = "<group>"; };
		5676EAAB1AFE6EF700D15D6D /* LPMainViewController.h */ = {isa = PBXFileReference; fileEncoding = 4; lastKnownFileType = sourcecode.c.h; path = LPMainViewController.h; sourceTree = "<group>"; };
		5676EAAC1AFE6EF700D15D6D /* LPMainViewController.m */ = {isa = PBXFileReference; fileEncoding = 4; lastKnownFileType = sourcecode.c.objc; path = LPMainViewController.m; sourceTree = "<group>"; };
		5676EAAD1AFE6EF700D15D6D /* Main.storyboard */ = {isa = PBXFileReference; fileEncoding = 4; lastKnownFileType = file.storyboard; path = Main.storyboard; sourceTree = "<group>"; };
		5676EAAF1AFE6EF700D15D6D /* AppDelegate.h */ = {isa = PBXFileReference; fileEncoding = 4; lastKnownFileType = sourcecode.c.h; path = AppDelegate.h; sourceTree = "<group>"; };
		5676EAB01AFE6EF700D15D6D /* AppDelegate.m */ = {isa = PBXFileReference; fileEncoding = 4; lastKnownFileType = sourcecode.c.objc; path = AppDelegate.m; sourceTree = "<group>"; };
		5676EAB21AFE6EF700D15D6D /* main.m */ = {isa = PBXFileReference; fileEncoding = 4; lastKnownFileType = sourcecode.c.objc; path = main.m; sourceTree = "<group>"; };
		5676EABD1AFE6F2600D15D6D /* Info.plist */ = {isa = PBXFileReference; fileEncoding = 4; lastKnownFileType = text.plist.xml; path = Info.plist; sourceTree = "<group>"; };
/* End PBXFileReference section */

/* Begin PBXFrameworksBuildPhase section */
		5676EA641AFE541200D15D6D /* Frameworks */ = {
			isa = PBXFrameworksBuildPhase;
			buildActionMask = 2147483647;
			files = (
			);
			runOnlyForDeploymentPostprocessing = 0;
		};
		5676EA7D1AFE541200D15D6D /* Frameworks */ = {
			isa = PBXFrameworksBuildPhase;
			buildActionMask = 2147483647;
			files = (
			);
			runOnlyForDeploymentPostprocessing = 0;
		};
/* End PBXFrameworksBuildPhase section */

/* Begin PBXGroup section */
		5676EA5E1AFE541200D15D6D = {
			isa = PBXGroup;
			children = (
				5676EA691AFE541200D15D6D /* LPTabbarViewController */,
				5676EA831AFE541200D15D6D /* LPTabbarViewControllerTests */,
				5676EA681AFE541200D15D6D /* Products */,
			);
			sourceTree = "<group>";
		};
		5676EA681AFE541200D15D6D /* Products */ = {
			isa = PBXGroup;
			children = (
				5676EA671AFE541200D15D6D /* LPTabbarViewController.app */,
				5676EA801AFE541200D15D6D /* LPTabbarViewControllerTests.xctest */,
			);
			name = Products;
			sourceTree = "<group>";
		};
		5676EA691AFE541200D15D6D /* LPTabbarViewController */ = {
			isa = PBXGroup;
			children = (
				5676EAA01AFE6EF700D15D6D /* Classes */,
				5676EA6A1AFE541200D15D6D /* Supporting Files */,
			);
			path = LPTabbarViewController;
			sourceTree = "<group>";
		};
		5676EA6A1AFE541200D15D6D /* Supporting Files */ = {
			isa = PBXGroup;
			children = (
				5676EABD1AFE6F2600D15D6D /* Info.plist */,
				5676EA771AFE541200D15D6D /* Images.xcassets */,
				5676EA791AFE541200D15D6D /* LaunchScreen.xib */,
			);
			name = "Supporting Files";
			sourceTree = "<group>";
		};
		5676EA831AFE541200D15D6D /* LPTabbarViewControllerTests */ = {
			isa = PBXGroup;
			children = (
				5676EA861AFE541200D15D6D /* LPTabbarViewControllerTests.m */,
				5676EA841AFE541200D15D6D /* Supporting Files */,
			);
			path = LPTabbarViewControllerTests;
			sourceTree = "<group>";
		};
		5676EA841AFE541200D15D6D /* Supporting Files */ = {
			isa = PBXGroup;
			children = (
				5676EA851AFE541200D15D6D /* Info.plist */,
			);
			name = "Supporting Files";
			sourceTree = "<group>";
		};
		5676EAA01AFE6EF700D15D6D /* Classes */ = {
			isa = PBXGroup;
			children = (
				5676EAA11AFE6EF700D15D6D /* Controller */,
				5676EAAA1AFE6EF700D15D6D /* LPMainViewController */,
				5676EAAE1AFE6EF700D15D6D /* Other */,
			);
			path = Classes;
			sourceTree = "<group>";
		};
		5676EAA11AFE6EF700D15D6D /* Controller */ = {
			isa = PBXGroup;
			children = (
				5676EAA21AFE6EF700D15D6D /* LPItemOneTableViewController.h */,
				5676EAA31AFE6EF700D15D6D /* LPItemOneTableViewController.m */,
				5676EAA41AFE6EF700D15D6D /* LPItemThreeViewController.h */,
				5676EAA51AFE6EF700D15D6D /* LPItemThreeViewController.m */,
				5676EAA61AFE6EF700D15D6D /* LPItemThreeViewController.xib */,
				5676EAA71AFE6EF700D15D6D /* LPItemTwoViewController.h */,
				5676EAA81AFE6EF700D15D6D /* LPItemTwoViewController.m */,
				5676EAA91AFE6EF700D15D6D /* LPItemTwoViewController.xib */,
			);
			path = Controller;
			sourceTree = "<group>";
		};
		5676EAAA1AFE6EF700D15D6D /* LPMainViewController */ = {
			isa = PBXGroup;
			children = (
				5676EAAB1AFE6EF700D15D6D /* LPMainViewController.h */,
				5676EAAC1AFE6EF700D15D6D /* LPMainViewController.m */,
				5676EAAD1AFE6EF700D15D6D /* Main.storyboard */,
			);
			path = LPMainViewController;
			sourceTree = "<group>";
		};
		5676EAAE1AFE6EF700D15D6D /* Other */ = {
			isa = PBXGroup;
			children = (
				5676EAAF1AFE6EF700D15D6D /* AppDelegate.h */,
				5676EAB01AFE6EF700D15D6D /* AppDelegate.m */,
				5676EAB21AFE6EF700D15D6D /* main.m */,
			);
			path = Other;
			sourceTree = "<group>";
		};
/* End PBXGroup section */

/* Begin PBXNativeTarget section */
		5676EA661AFE541200D15D6D /* LPTabbarViewController */ = {
			isa = PBXNativeTarget;
			buildConfigurationList = 5676EA8A1AFE541200D15D6D /* Build configuration list for PBXNativeTarget "LPTabbarViewController" */;
			buildPhases = (
				5676EA631AFE541200D15D6D /* Sources */,
				5676EA641AFE541200D15D6D /* Frameworks */,
				5676EA651AFE541200D15D6D /* Resources */,
			);
			buildRules = (
			);
			dependencies = (
			);
			name = LPTabbarViewController;
			productName = LPTabbarViewController;
			productReference = 5676EA671AFE541200D15D6D /* LPTabbarViewController.app */;
			productType = "com.apple.product-type.application";
		};
		5676EA7F1AFE541200D15D6D /* LPTabbarViewControllerTests */ = {
			isa = PBXNativeTarget;
			buildConfigurationList = 5676EA8D1AFE541200D15D6D /* Build configuration list for PBXNativeTarget "LPTabbarViewControllerTests" */;
			buildPhases = (
				5676EA7C1AFE541200D15D6D /* Sources */,
				5676EA7D1AFE541200D15D6D /* Frameworks */,
				5676EA7E1AFE541200D15D6D /* Resources */,
			);
			buildRules = (
			);
			dependencies = (
				5676EA821AFE541200D15D6D /* PBXTargetDependency */,
			);
			name = LPTabbarViewControllerTests;
			productName = LPTabbarViewControllerTests;
			productReference = 5676EA801AFE541200D15D6D /* LPTabbarViewControllerTests.xctest */;
			productType = "com.apple.product-type.bundle.unit-test";
		};
/* End PBXNativeTarget section */

/* Begin PBXProject section */
		5676EA5F1AFE541200D15D6D /* Project object */ = {
			isa = PBXProject;
			attributes = {
				LastUpgradeCheck = 0610;
				ORGANIZATIONNAME = "彭利民";
				TargetAttributes = {
					5676EA661AFE541200D15D6D = {
						CreatedOnToolsVersion = 6.1;
					};
					5676EA7F1AFE541200D15D6D = {
						CreatedOnToolsVersion = 6.1;
						TestTargetID = 5676EA661AFE541200D15D6D;
					};
				};
			};
			buildConfigurationList = 5676EA621AFE541200D15D6D /* Build configuration list for PBXProject "LPTabbarViewController" */;
			compatibilityVersion = "Xcode 3.2";
			developmentRegion = English;
			hasScannedForEncodings = 0;
			knownRegions = (
				en,
				Base,
			);
			mainGroup = 5676EA5E1AFE541200D15D6D;
			productRefGroup = 5676EA681AFE541200D15D6D /* Products */;
			projectDirPath = "";
			projectRoot = "";
			targets = (
				5676EA661AFE541200D15D6D /* LPTabbarViewController */,
				5676EA7F1AFE541200D15D6D /* LPTabbarViewControllerTests */,
			);
		};
/* End PBXProject section */

/* Begin PBXResourcesBuildPhase section */
		5676EA651AFE541200D15D6D /* Resources */ = {
			isa = PBXResourcesBuildPhase;
			buildActionMask = 2147483647;
			files = (
				5676EAB71AFE6EF700D15D6D /* LPItemTwoViewController.xib in Resources */,
				5676EAB91AFE6EF700D15D6D /* Main.storyboard in Resources */,
				5676EAB51AFE6EF700D15D6D /* LPItemThreeViewController.xib in Resources */,
				5676EA7B1AFE541200D15D6D /* LaunchScreen.xib in Resources */,
				5676EA781AFE541200D15D6D /* Images.xcassets in Resources */,
				5676EABE1AFE6F2600D15D6D /* Info.plist in Resources */,
			);
			runOnlyForDeploymentPostprocessing = 0;
		};
		5676EA7E1AFE541200D15D6D /* Resources */ = {
			isa = PBXResourcesBuildPhase;
			buildActionMask = 2147483647;
			files = (
			);
			runOnlyForDeploymentPostprocessing = 0;
		};
/* End PBXResourcesBuildPhase section */

/* Begin PBXSourcesBuildPhase section */
		5676EA631AFE541200D15D6D /* Sources */ = {
			isa = PBXSourcesBuildPhase;
			buildActionMask = 2147483647;
			files = (
				5676EAB41AFE6EF700D15D6D /* LPItemThreeViewController.m in Sources */,
				5676EAB81AFE6EF700D15D6D /* LPMainViewController.m in Sources */,
				5676EAB61AFE6EF700D15D6D /* LPItemTwoViewController.m in Sources */,
				5676EAB31AFE6EF700D15D6D /* LPItemOneTableViewController.m in Sources */,
				5676EABC1AFE6EF700D15D6D /* main.m in Sources */,
				5676EABA1AFE6EF700D15D6D /* AppDelegate.m in Sources */,
			);
			runOnlyForDeploymentPostprocessing = 0;
		};
		5676EA7C1AFE541200D15D6D /* Sources */ = {
			isa = PBXSourcesBuildPhase;
			buildActionMask = 2147483647;
			files = (
				5676EA871AFE541200D15D6D /* LPTabbarViewControllerTests.m in Sources */,
			);
			runOnlyForDeploymentPostprocessing = 0;
		};
/* End PBXSourcesBuildPhase section */

/* Begin PBXTargetDependency section */
		5676EA821AFE541200D15D6D /* PBXTargetDependency */ = {
			isa = PBXTargetDependency;
			target = 5676EA661AFE541200D15D6D /* LPTabbarViewController */;
			targetProxy = 5676EA811AFE541200D15D6D /* PBXContainerItemProxy */;
		};
/* End PBXTargetDependency section */

/* Begin PBXVariantGroup section */
		5676EA791AFE541200D15D6D /* LaunchScreen.xib */ = {
			isa = PBXVariantGroup;
			children = (
				5676EA7A1AFE541200D15D6D /* Base */,
			);
			name = LaunchScreen.xib;
			sourceTree = "<group>";
		};
/* End PBXVariantGroup section */

/* Begin XCBuildConfiguration section */
		5676EA881AFE541200D15D6D /* Debug */ = {
			isa = XCBuildConfiguration;
			buildSettings = {
				ALWAYS_SEARCH_USER_PATHS = NO;
				CLANG_CXX_LANGUAGE_STANDARD = "gnu++0x";
				CLANG_CXX_LIBRARY = "libc++";
				CLANG_ENABLE_MODULES = YES;
				CLANG_ENABLE_OBJC_ARC = YES;
				CLANG_WARN_BOOL_CONVERSION = YES;
				CLANG_WARN_CONSTANT_CONVERSION = YES;
				CLANG_WARN_DIRECT_OBJC_ISA_USAGE = YES_ERROR;
				CLANG_WARN_EMPTY_BODY = YES;
				CLANG_WARN_ENUM_CONVERSION = YES;
				CLANG_WARN_INT_CONVERSION = YES;
				CLANG_WARN_OBJC_ROOT_CLASS = YES_ERROR;
				CLANG_WARN_UNREACHABLE_CODE = YES;
				CLANG_WARN__DUPLICATE_METHOD_MATCH = YES;
				"CODE_SIGN_IDENTITY[sdk=iphoneos*]" = "iPhone Developer";
				COPY_PHASE_STRIP = NO;
				ENABLE_STRICT_OBJC_MSGSEND = YES;
				GCC_C_LANGUAGE_STANDARD = gnu99;
				GCC_DYNAMIC_NO_PIC = NO;
				GCC_OPTIMIZATION_LEVEL = 0;
				GCC_PREPROCESSOR_DEFINITIONS = (
					"DEBUG=1",
					"$(inherited)",
				);
				GCC_SYMBOLS_PRIVATE_EXTERN = NO;
				GCC_WARN_64_TO_32_BIT_CONVERSION = YES;
				GCC_WARN_ABOUT_RETURN_TYPE = YES_ERROR;
				GCC_WARN_UNDECLARED_SELECTOR = YES;
				GCC_WARN_UNINITIALIZED_AUTOS = YES_AGGRESSIVE;
				GCC_WARN_UNUSED_FUNCTION = YES;
				GCC_WARN_UNUSED_VARIABLE = YES;
				IPHONEOS_DEPLOYMENT_TARGET = 8.1;
				MTL_ENABLE_DEBUG_INFO = YES;
				ONLY_ACTIVE_ARCH = YES;
				SDKROOT = iphoneos;
			};
			name = Debug;
		};
		5676EA891AFE541200D15D6D /* Release */ = {
			isa = XCBuildConfiguration;
			buildSettings = {
				ALWAYS_SEARCH_USER_PATHS = NO;
				CLANG_CXX_LANGUAGE_STANDARD = "gnu++0x";
				CLANG_CXX_LIBRARY = "libc++";
				CLANG_ENABLE_MODULES = YES;
				CLANG_ENABLE_OBJC_ARC = YES;
				CLANG_WARN_BOOL_CONVERSION = YES;
				CLANG_WARN_CONSTANT_CONVERSION = YES;
				CLANG_WARN_DIRECT_OBJC_ISA_USAGE = YES_ERROR;
				CLANG_WARN_EMPTY_BODY = YES;
				CLANG_WARN_ENUM_CONVERSION = YES;
				CLANG_WARN_INT_CONVERSION = YES;
				CLANG_WARN_OBJC_ROOT_CLASS = YES_ERROR;
				CLANG_WARN_UNREACHABLE_CODE = YES;
				CLANG_WARN__DUPLICATE_METHOD_MATCH = YES;
				"CODE_SIGN_IDENTITY[sdk=iphoneos*]" = "iPhone Developer";
				COPY_PHASE_STRIP = YES;
				ENABLE_NS_ASSERTIONS = NO;
				ENABLE_STRICT_OBJC_MSGSEND = YES;
				GCC_C_LANGUAGE_STANDARD = gnu99;
				GCC_WARN_64_TO_32_BIT_CONVERSION = YES;
				GCC_WARN_ABOUT_RETURN_TYPE = YES_ERROR;
				GCC_WARN_UNDECLARED_SELECTOR = YES;
				GCC_WARN_UNINITIALIZED_AUTOS = YES_AGGRESSIVE;
				GCC_WARN_UNUSED_FUNCTION = YES;
				GCC_WARN_UNUSED_VARIABLE = YES;
				IPHONEOS_DEPLOYMENT_TARGET = 8.1;
				MTL_ENABLE_DEBUG_INFO = NO;
				SDKROOT = iphoneos;
				VALIDATE_PRODUCT = YES;
			};
			name = Release;
		};
		5676EA8B1AFE541200D15D6D /* Debug */ = {
			isa = XCBuildConfiguration;
			buildSettings = {
				ASSETCATALOG_COMPILER_APPICON_NAME = AppIcon;
				INFOPLIST_FILE = LPTabbarViewController/Info.plist;
				LD_RUNPATH_SEARCH_PATHS = "$(inherited) @executable_path/Frameworks";
				PRODUCT_NAME = "$(TARGET_NAME)";
			};
			name = Debug;
		};
		5676EA8C1AFE541200D15D6D /* Release */ = {
			isa = XCBuildConfiguration;
			buildSettings = {
				ASSETCATALOG_COMPILER_APPICON_NAME = AppIcon;
				INFOPLIST_FILE = LPTabbarViewController/Info.plist;
				LD_RUNPATH_SEARCH_PATHS = "$(inherited) @executable_path/Frameworks";
				PRODUCT_NAME = "$(TARGET_NAME)";
			};
			name = Release;
		};
		5676EA8E1AFE541200D15D6D /* Debug */ = {
			isa = XCBuildConfiguration;
			buildSettings = {
				BUNDLE_LOADER = "$(TEST_HOST)";
				FRAMEWORK_SEARCH_PATHS = (
					"$(SDKROOT)/Developer/Library/Frameworks",
					"$(inherited)",
				);
				GCC_PREPROCESSOR_DEFINITIONS = (
					"DEBUG=1",
					"$(inherited)",
				);
				INFOPLIST_FILE = LPTabbarViewControllerTests/Info.plist;
				LD_RUNPATH_SEARCH_PATHS = "$(inherited) @executable_path/Frameworks @loader_path/Frameworks";
				PRODUCT_NAME = "$(TARGET_NAME)";
				TEST_HOST = "$(BUILT_PRODUCTS_DIR)/LPTabbarViewController.app/LPTabbarViewController";
			};
			name = Debug;
		};
		5676EA8F1AFE541200D15D6D /* Release */ = {
			isa = XCBuildConfiguration;
			buildSettings = {
				BUNDLE_LOADER = "$(TEST_HOST)";
				FRAMEWORK_SEARCH_PATHS = (
					"$(SDKROOT)/Developer/Library/Frameworks",
					"$(inherited)",
				);
				INFOPLIST_FILE = LPTabbarViewControllerTests/Info.plist;
				LD_RUNPATH_SEARCH_PATHS = "$(inherited) @executable_path/Frameworks @loader_path/Frameworks";
				PRODUCT_NAME = "$(TARGET_NAME)";
				TEST_HOST = "$(BUILT_PRODUCTS_DIR)/LPTabbarViewController.app/LPTabbarViewController";
			};
			name = Release;
		};
/* End XCBuildConfiguration section */

/* Begin XCConfigurationList section */
		5676EA621AFE541200D15D6D /* Build configuration list for PBXProject "LPTabbarViewController" */ = {
			isa = XCConfigurationList;
			buildConfigurations = (
				5676EA881AFE541200D15D6D /* Debug */,
				5676EA891AFE541200D15D6D /* Release */,
			);
			defaultConfigurationIsVisible = 0;
			defaultConfigurationName = Release;
		};
		5676EA8A1AFE541200D15D6D /* Build configuration list for PBXNativeTarget "LPTabbarViewController" */ = {
			isa = XCConfigurationList;
			buildConfigurations = (
				5676EA8B1AFE541200D15D6D /* Debug */,
				5676EA8C1AFE541200D15D6D /* Release */,
			);
			defaultConfigurationIsVisible = 0;
			defaultConfigurationName = Release;
		};
		5676EA8D1AFE541200D15D6D /* Build configuration list for PBXNativeTarget "LPTabbarViewControllerTests" */ = {
			isa = XCConfigurationList;
			buildConfigurations = (
				5676EA8E1AFE541200D15D6D /* Debug */,
				5676EA8F1AFE541200D15D6D /* Release */,
			);
			defaultConfigurationIsVisible = 0;
			defaultConfigurationName = Release;
		};
/* End XCConfigurationList section */
	};
	rootObject = 5676EA5F1AFE541200D15D6D /* Project object */;
}
